
Microsoft Visual Studio Solution File, Format Version 12.00
# Visual Studio Version 17
VisualStudioVersion = 17.4.33103.184
MinimumVisualStudioVersion = 10.0.40219.1
Project("{2150E333-8FDC-42A3-9474-1A3956D46DE8}") = "utils", "utils", "{21E74DAE-6AA4-4426-A350-0D2E6467DD19}"
	ProjectSection(SolutionItems) = preProject
		.editorconfig = .editorconfig
		.gitignore = .gitignore
		.stylecop.json = .stylecop.json
		.github\workflows\ci.yml = .github\workflows\ci.yml
		Directory.Build.props = Directory.Build.props
		docker-compose.yml = docker-compose.yml
		Linter.targets = Linter.targets
	EndProjectSection
EndProject
Project("{2150E333-8FDC-42A3-9474-1A3956D46DE8}") = "src", "src", "{79E58AD4-9E16-478D-B91D-BC455B6753BD}"
EndProject
Project("{2150E333-8FDC-42A3-9474-1A3956D46DE8}") = "test", "test", "{951CF25A-4CFB-481A-858A-0E047417F611}"
EndProject
Project("{9A19103F-16F7-4668-BE54-9A1E7A4F7556}") = "EasyDesk.RebusCompanion.IntegrationTests", "test\EasyDesk.RebusCompanion.IntegrationTests\EasyDesk.RebusCompanion.IntegrationTests.csproj", "{460C4973-D4B9-47D0-A453-B68C4C1101B3}"
EndProject
Project("{9A19103F-16F7-4668-BE54-9A1E7A4F7556}") = "EasyDesk.RebusCompanion.Core", "src\EasyDesk.RebusCompanion.Core\EasyDesk.RebusCompanion.Core.csproj", "{4EA06FA8-719A-4EB6-B403-D97FE96C51CF}"
EndProject
Project("{9A19103F-16F7-4668-BE54-9A1E7A4F7556}") = "EasyDesk.RebusCompanion.RabbitMqPostgresScheduler", "src\EasyDesk.RebusCompanion.RabbitMqPostgresScheduler\EasyDesk.RebusCompanion.RabbitMqPostgresScheduler.csproj", "{EB8C84C4-AFFE-4D1B-8293-86B3A12420E9}"
EndProject
Project("{9A19103F-16F7-4668-BE54-9A1E7A4F7556}") = "EasyDesk.RebusCompanion.RabbitMqSqlServerScheduler", "src\EasyDesk.RebusCompanion.RabbitMqSqlServerScheduler\EasyDesk.RebusCompanion.RabbitMqSqlServerScheduler.csproj", "{A9E41B15-367D-4235-B62C-F7B636966EEE}"
EndProject
Project("{2150E333-8FDC-42A3-9474-1A3956D46DE8}") = "schedulers", "schedulers", "{47599FAA-152C-45F2-B190-87DC60A12F8E}"
EndProject
Project("{2150E333-8FDC-42A3-9474-1A3956D46DE8}") = "consumers", "consumers", "{B75B6726-338D-4700-87F8-7905C3B0D989}"
EndProject
Project("{FAE04EC0-301F-11D3-BF4B-00C04F79EFBC}") = "EasyDesk.RebusCompanion.RabbitMqEmailErrorHandler", "src\EasyDesk.RebusCompanion.RabbitMqEmailErrorHandler\EasyDesk.RebusCompanion.RabbitMqEmailErrorHandler.csproj", "{47BE6936-6509-4B4F-BD8E-D180ED68EEE9}"
EndProject
Project("{2150E333-8FDC-42A3-9474-1A3956D46DE8}") = "handlers", "handlers", "{AB8049CB-F3E0-4284-A50B-EBAD4491BD42}"
EndProject
Project("{FAE04EC0-301F-11D3-BF4B-00C04F79EFBC}") = "EasyDesk.RebusCompanion.Email", "src\EasyDesk.RebusCompanion.Email\EasyDesk.RebusCompanion.Email.csproj", "{6DAD8A25-BBE7-4A40-818D-1F9F0840506E}"
EndProject
Global
	GlobalSection(SolutionConfigurationPlatforms) = preSolution
		Debug|Any CPU = Debug|Any CPU
		Release|Any CPU = Release|Any CPU
	EndGlobalSection
	GlobalSection(ProjectConfigurationPlatforms) = postSolution
		{460C4973-D4B9-47D0-A453-B68C4C1101B3}.Debug|Any CPU.ActiveCfg = Debug|Any CPU
		{460C4973-D4B9-47D0-A453-B68C4C1101B3}.Debug|Any CPU.Build.0 = Debug|Any CPU
		{460C4973-D4B9-47D0-A453-B68C4C1101B3}.Release|Any CPU.ActiveCfg = Release|Any CPU
		{460C4973-D4B9-47D0-A453-B68C4C1101B3}.Release|Any CPU.Build.0 = Release|Any CPU
		{4EA06FA8-719A-4EB6-B403-D97FE96C51CF}.Debug|Any CPU.ActiveCfg = Debug|Any CPU
		{4EA06FA8-719A-4EB6-B403-D97FE96C51CF}.Debug|Any CPU.Build.0 = Debug|Any CPU
		{4EA06FA8-719A-4EB6-B403-D97FE96C51CF}.Release|Any CPU.ActiveCfg = Release|Any CPU
		{4EA06FA8-719A-4EB6-B403-D97FE96C51CF}.Release|Any CPU.Build.0 = Release|Any CPU
		{EB8C84C4-AFFE-4D1B-8293-86B3A12420E9}.Debug|Any CPU.ActiveCfg = Debug|Any CPU
		{EB8C84C4-AFFE-4D1B-8293-86B3A12420E9}.Debug|Any CPU.Build.0 = Debug|Any CPU
		{EB8C84C4-AFFE-4D1B-8293-86B3A12420E9}.Release|Any CPU.ActiveCfg = Release|Any CPU
		{EB8C84C4-AFFE-4D1B-8293-86B3A12420E9}.Release|Any CPU.Build.0 = Release|Any CPU
		{A9E41B15-367D-4235-B62C-F7B636966EEE}.Debug|Any CPU.ActiveCfg = Debug|Any CPU
		{A9E41B15-367D-4235-B62C-F7B636966EEE}.Debug|Any CPU.Build.0 = Debug|Any CPU
		{A9E41B15-367D-4235-B62C-F7B636966EEE}.Release|Any CPU.ActiveCfg = Release|Any CPU
		{A9E41B15-367D-4235-B62C-F7B636966EEE}.Release|Any CPU.Build.0 = Release|Any CPU
		{47BE6936-6509-4B4F-BD8E-D180ED68EEE9}.Debug|Any CPU.ActiveCfg = Debug|Any CPU
		{47BE6936-6509-4B4F-BD8E-D180ED68EEE9}.Debug|Any CPU.Build.0 = Debug|Any CPU
		{47BE6936-6509-4B4F-BD8E-D180ED68EEE9}.Release|Any CPU.ActiveCfg = Release|Any CPU
		{47BE6936-6509-4B4F-BD8E-D180ED68EEE9}.Release|Any CPU.Build.0 = Release|Any CPU
		{6DAD8A25-BBE7-4A40-818D-1F9F0840506E}.Debug|Any CPU.ActiveCfg = Debug|Any CPU
		{6DAD8A25-BBE7-4A40-818D-1F9F0840506E}.Debug|Any CPU.Build.0 = Debug|Any CPU
		{6DAD8A25-BBE7-4A40-818D-1F9F0840506E}.Release|Any CPU.ActiveCfg = Release|Any CPU
		{6DAD8A25-BBE7-4A40-818D-1F9F0840506E}.Release|Any CPU.Build.0 = Release|Any CPU
	EndGlobalSection
	GlobalSection(SolutionProperties) = preSolution
		HideSolutionNode = FALSE
	EndGlobalSection
	GlobalSection(NestedProjects) = preSolution
		{460C4973-D4B9-47D0-A453-B68C4C1101B3} = {951CF25A-4CFB-481A-858A-0E047417F611}
		{4EA06FA8-719A-4EB6-B403-D97FE96C51CF} = {79E58AD4-9E16-478D-B91D-BC455B6753BD}
		{EB8C84C4-AFFE-4D1B-8293-86B3A12420E9} = {47599FAA-152C-45F2-B190-87DC60A12F8E}
		{A9E41B15-367D-4235-B62C-F7B636966EEE} = {47599FAA-152C-45F2-B190-87DC60A12F8E}
		{47599FAA-152C-45F2-B190-87DC60A12F8E} = {79E58AD4-9E16-478D-B91D-BC455B6753BD}
		{B75B6726-338D-4700-87F8-7905C3B0D989} = {79E58AD4-9E16-478D-B91D-BC455B6753BD}
		{47BE6936-6509-4B4F-BD8E-D180ED68EEE9} = {B75B6726-338D-4700-87F8-7905C3B0D989}
		{AB8049CB-F3E0-4284-A50B-EBAD4491BD42} = {79E58AD4-9E16-478D-B91D-BC455B6753BD}
		{6DAD8A25-BBE7-4A40-818D-1F9F0840506E} = {AB8049CB-F3E0-4284-A50B-EBAD4491BD42}
	EndGlobalSection
	GlobalSection(ExtensibilityGlobals) = postSolution
		SolutionGuid = {BD76ADBB-80B4-48F7-85E8-09077088D99A}
	EndGlobalSection
EndGlobal
